
Microsoft Visual Studio Solution File, Format Version 11.00
# Visual Studio 2010
Project("{FAE04EC0-301F-11D3-BF4B-00C04F79EFBC}") = "MsbuildLauncher", "MsbuildLauncher\MsbuildLauncher.csproj", "{DEAF1A6F-F521-441E-9B8F-5B621006D629}"
EndProject
Project("{FAE04EC0-301F-11D3-BF4B-00C04F79EFBC}") = "MsbuildLauncher.Agent", "MsbuildLauncherAgent\MsbuildLauncher.Agent.csproj", "{742574F0-063F-43CE-BEDF-E5B906F14088}"
EndProject
Project("{FAE04EC0-301F-11D3-BF4B-00C04F79EFBC}") = "MsbuildLauncher.Common", "MsbuildLauncher.Common\MsbuildLauncher.Common.csproj", "{4C0C1CDD-A54F-413F-90C4-26DA9962DEAD}"
EndProject
Project("{2150E333-8FDC-42A3-9474-1A3956D46DE8}") = ".build", ".build", "{4706005C-D2ED-4F9A-BAD3-08BA676B2A90}"
	ProjectSection(SolutionItems) = preProject
		Build.proj = Build.proj
		.build\MSBuild.Community.Tasks.dll = .build\MSBuild.Community.Tasks.dll
		.build\MSBuild.Community.Tasks.targets = .build\MSBuild.Community.Tasks.targets
	EndProjectSection
EndProject
Project("{930C7802-8A8C-48F9-8165-68863BCCD9DD}") = "MsbuildLauncher.Installer", "MsbuildLauncher.Installer\MsbuildLauncher.Installer.wixproj", "{AA623FE2-E840-41B9-B1F9-8CB572B771E3}"
EndProject
Global
	GlobalSection(SolutionConfigurationPlatforms) = preSolution
		Debug|Any CPU = Debug|Any CPU
		Debug|Mixed Platforms = Debug|Mixed Platforms
		Debug|x86 = Debug|x86
		Release|Any CPU = Release|Any CPU
		Release|Mixed Platforms = Release|Mixed Platforms
		Release|x86 = Release|x86
	EndGlobalSection
	GlobalSection(ProjectConfigurationPlatforms) = postSolution
		{DEAF1A6F-F521-441E-9B8F-5B621006D629}.Debug|Any CPU.ActiveCfg = Debug|x86
		{DEAF1A6F-F521-441E-9B8F-5B621006D629}.Debug|Mixed Platforms.ActiveCfg = Debug|x86
		{DEAF1A6F-F521-441E-9B8F-5B621006D629}.Debug|Mixed Platforms.Build.0 = Debug|x86
		{DEAF1A6F-F521-441E-9B8F-5B621006D629}.Debug|x86.ActiveCfg = Debug|x86
		{DEAF1A6F-F521-441E-9B8F-5B621006D629}.Debug|x86.Build.0 = Debug|x86
		{DEAF1A6F-F521-441E-9B8F-5B621006D629}.Release|Any CPU.ActiveCfg = Release|x86
		{DEAF1A6F-F521-441E-9B8F-5B621006D629}.Release|Mixed Platforms.ActiveCfg = Release|x86
		{DEAF1A6F-F521-441E-9B8F-5B621006D629}.Release|Mixed Platforms.Build.0 = Release|x86
		{DEAF1A6F-F521-441E-9B8F-5B621006D629}.Release|x86.ActiveCfg = Release|x86
		{DEAF1A6F-F521-441E-9B8F-5B621006D629}.Release|x86.Build.0 = Release|x86
		{742574F0-063F-43CE-BEDF-E5B906F14088}.Debug|Any CPU.ActiveCfg = Debug|x86
		{742574F0-063F-43CE-BEDF-E5B906F14088}.Debug|Mixed Platforms.ActiveCfg = Debug|x86
		{742574F0-063F-43CE-BEDF-E5B906F14088}.Debug|Mixed Platforms.Build.0 = Debug|x86
		{742574F0-063F-43CE-BEDF-E5B906F14088}.Debug|x86.ActiveCfg = Debug|x86
		{742574F0-063F-43CE-BEDF-E5B906F14088}.Debug|x86.Build.0 = Debug|x86
		{742574F0-063F-43CE-BEDF-E5B906F14088}.Release|Any CPU.ActiveCfg = Release|x86
		{742574F0-063F-43CE-BEDF-E5B906F14088}.Release|Mixed Platforms.ActiveCfg = Release|x86
		{742574F0-063F-43CE-BEDF-E5B906F14088}.Release|Mixed Platforms.Build.0 = Release|x86
		{742574F0-063F-43CE-BEDF-E5B906F14088}.Release|x86.ActiveCfg = Release|x86
		{742574F0-063F-43CE-BEDF-E5B906F14088}.Release|x86.Build.0 = Release|x86
		{4C0C1CDD-A54F-413F-90C4-26DA9962DEAD}.Debug|Any CPU.ActiveCfg = Debug|Any CPU
		{4C0C1CDD-A54F-413F-90C4-26DA9962DEAD}.Debug|Any CPU.Build.0 = Debug|Any CPU
		{4C0C1CDD-A54F-413F-90C4-26DA9962DEAD}.Debug|Mixed Platforms.ActiveCfg = Debug|Any CPU
		{4C0C1CDD-A54F-413F-90C4-26DA9962DEAD}.Debug|Mixed Platforms.Build.0 = Debug|Any CPU
		{4C0C1CDD-A54F-413F-90C4-26DA9962DEAD}.Debug|x86.ActiveCfg = Debug|Any CPU
		{4C0C1CDD-A54F-413F-90C4-26DA9962DEAD}.Release|Any CPU.ActiveCfg = Release|Any CPU
		{4C0C1CDD-A54F-413F-90C4-26DA9962DEAD}.Release|Any CPU.Build.0 = Release|Any CPU
		{4C0C1CDD-A54F-413F-90C4-26DA9962DEAD}.Release|Mixed Platforms.ActiveCfg = Release|Any CPU
		{4C0C1CDD-A54F-413F-90C4-26DA9962DEAD}.Release|Mixed Platforms.Build.0 = Release|Any CPU
		{4C0C1CDD-A54F-413F-90C4-26DA9962DEAD}.Release|x86.ActiveCfg = Release|Any CPU
		{AA623FE2-E840-41B9-B1F9-8CB572B771E3}.Debug|Any CPU.ActiveCfg = Debug|x86
		{AA623FE2-E840-41B9-B1F9-8CB572B771E3}.Debug|Mixed Platforms.ActiveCfg = Debug|x86
		{AA623FE2-E840-41B9-B1F9-8CB572B771E3}.Debug|Mixed Platforms.Build.0 = Debug|x86
		{AA623FE2-E840-41B9-B1F9-8CB572B771E3}.Debug|x86.ActiveCfg = Debug|x86
		{AA623FE2-E840-41B9-B1F9-8CB572B771E3}.Debug|x86.Build.0 = Debug|x86
		{AA623FE2-E840-41B9-B1F9-8CB572B771E3}.Release|Any CPU.ActiveCfg = Release|x86
		{AA623FE2-E840-41B9-B1F9-8CB572B771E3}.Release|Mixed Platforms.ActiveCfg = Release|x86
		{AA623FE2-E840-41B9-B1F9-8CB572B771E3}.Release|Mixed Platforms.Build.0 = Release|x86
		{AA623FE2-E840-41B9-B1F9-8CB572B771E3}.Release|x86.ActiveCfg = Release|x86
		{AA623FE2-E840-41B9-B1F9-8CB572B771E3}.Release|x86.Build.0 = Release|x86
	EndGlobalSection
	GlobalSection(SolutionProperties) = preSolution
		HideSolutionNode = FALSE
	EndGlobalSection
EndGlobal
